{
    "name": "wordle-on-abap",
    "version": "0.0.1",
    "lockfileVersion": 2,
    "requires": true,
    "packages": {
        "": {
            "name": "wordle-on-abap",
            "version": "0.0.1",
            "dependencies": {
                "@abaplint/runtime": "^2.1.63"
            }
        },
        "node_modules/@abaplint/runtime": {
            "version": "2.1.64",
            "resolved": "https://registry.abappm.com/@abaplint%2fruntime/-/runtime-2.1.64.tgz",
            "integrity": "sha512-7+GMglogyuqw3yrFzyyou9qqCbCHrgpsLYJeN8aZ7F02qacA1aTuLooJEKvUW0H8Qfe2ccaTm6w84zGDAkKd+g==",
            "dependencies": {
                "temporal-polyfill": "^0.0.8"
            }
        },
        "node_modules/temporal-polyfill": {
            "version": "0.0.8",
            "resolved": "https://registry.abappm.com/temporal-polyfill/-/temporal-polyfill-0.0.8.tgz",
            "integrity": "sha512-IuA8GhS1PRC04H/zVNAIxJvCZQum6V5HjqFj7gz1a3SMUf/Kf1xIXILNYtxrWYnGqIU/RrDRxlCKCm/vmqnBvw==",
            "dependencies": {
                "temporal-spec": "0.0.3"
            }
        },
        "node_modules/temporal-spec": {
            "version": "0.0.3",
            "resolved": "https://registry.abappm.com/temporal-spec/-/temporal-spec-0.0.3.tgz",
            "integrity": "sha512-gJu7QRqn5c2vTSkYWGC4qz1i+FZ9C+Cz16UIBMRcjgXOsHfXeSIgaWUKeq/2rz1iNfFxvmF/ywqbfC6ggTpjkA=="
        }
    },
    "dependencies": {
        "@abaplint/runtime": {
            "version": "2.1.64",
            "resolved": "https://registry.abappm.com/@abaplint%2fruntime/-/runtime-2.1.64.tgz",
            "integrity": "sha512-7+GMglogyuqw3yrFzyyou9qqCbCHrgpsLYJeN8aZ7F02qacA1aTuLooJEKvUW0H8Qfe2ccaTm6w84zGDAkKd+g==",
            "requires": {
                "temporal-polyfill": "^0.0.8"
            }
        },
        "temporal-polyfill": {
            "version": "0.0.8",
            "resolved": "https://registry.abappm.com/temporal-polyfill/-/temporal-polyfill-0.0.8.tgz",
            "integrity": "sha512-IuA8GhS1PRC04H/zVNAIxJvCZQum6V5HjqFj7gz1a3SMUf/Kf1xIXILNYtxrWYnGqIU/RrDRxlCKCm/vmqnBvw==",
            "requires": {
                "temporal-spec": "0.0.3"
            }
        },
        "temporal-spec": {
            "version": "0.0.3",
            "resolved": "https://registry.abappm.com/temporal-spec/-/temporal-spec-0.0.3.tgz",
            "integrity": "sha512-gJu7QRqn5c2vTSkYWGC4qz1i+FZ9C+Cz16UIBMRcjgXOsHfXeSIgaWUKeq/2rz1iNfFxvmF/ywqbfC6ggTpjkA=="
        }
    }
}
